
Microsoft Visual Studio Solution File, Format Version 12.00
# Visual Studio Version 17
VisualStudioVersion = 17.8.34525.116
MinimumVisualStudioVersion = 10.0.40219.1
Project("{FAE04EC0-301F-11D3-BF4B-00C04F79EFBC}") = "AppQuinto", "AppQuinto\AppQuinto.csproj", "{240FF427-0498-46AF-8E3E-9DC7C92E1AF4}"
EndProject
Global
	GlobalSection(SolutionConfigurationPlatforms) = preSolution
		Debug|Any CPU = Debug|Any CPU
		Release|Any CPU = Release|Any CPU
	EndGlobalSection
	GlobalSection(ProjectConfigurationPlatforms) = postSolution
		{240FF427-0498-46AF-8E3E-9DC7C92E1AF4}.Debug|Any CPU.ActiveCfg = Debug|Any CPU
		{240FF427-0498-46AF-8E3E-9DC7C92E1AF4}.Debug|Any CPU.Build.0 = Debug|Any CPU
		{240FF427-0498-46AF-8E3E-9DC7C92E1AF4}.Release|Any CPU.ActiveCfg = Release|Any CPU
		{240FF427-0498-46AF-8E3E-9DC7C92E1AF4}.Release|Any CPU.Build.0 = Release|Any CPU
	EndGlobalSection
	GlobalSection(SolutionProperties) = preSolution
		HideSolutionNode = FALSE
	EndGlobalSection
	GlobalSection(ExtensibilityGlobals) = postSolution
		SolutionGuid = {94C55F90-3359-4694-9309-8643365CE266}
	EndGlobalSection
EndGlobal
